
Microsoft Visual Studio Solution File, Format Version 12.00
# Visual Studio 15
VisualStudioVersion = 15.0.26228.4
MinimumVisualStudioVersion = 10.0.40219.1
Project("{FAE04EC0-301F-11D3-BF4B-00C04F79EFBC}") = "TaskManager.BLL", "TaskManager.BLL\TaskManager.BLL.csproj", "{3ECDD836-F614-481E-8235-3E445178855F}"
EndProject
Project("{FAE04EC0-301F-11D3-BF4B-00C04F79EFBC}") = "TaskManager.DAL", "TaskManager.DAL\TaskManager.DAL.csproj", "{E44D3F09-3662-44E7-A6B1-F6860BCBB4DA}"
EndProject
Project("{FAE04EC0-301F-11D3-BF4B-00C04F79EFBC}") = "TaskManager.Entities", "TaskManager.Entities\TaskManager.Entities.csproj", "{9B826BB3-AF80-46D3-90A2-AB8B8046F2F6}"
EndProject
Project("{FAE04EC0-301F-11D3-BF4B-00C04F79EFBC}") = "TaskManager.API", "TaskManager.API\TaskManager.API.csproj", "{E8242B42-D539-4527-96B2-B73D7F00F647}"
EndProject
Project("{FAE04EC0-301F-11D3-BF4B-00C04F79EFBC}") = "TaskManager.API.Tests", "TaskManager.API.Tests\TaskManager.API.Tests.csproj", "{A320E80A-67C0-4194-A016-6380C5EC3DDF}"
EndProject
Global
	GlobalSection(SolutionConfigurationPlatforms) = preSolution
		Debug|Any CPU = Debug|Any CPU
		Release|Any CPU = Release|Any CPU
	EndGlobalSection
	GlobalSection(ProjectConfigurationPlatforms) = postSolution
		{3ECDD836-F614-481E-8235-3E445178855F}.Debug|Any CPU.ActiveCfg = Debug|Any CPU
		{3ECDD836-F614-481E-8235-3E445178855F}.Debug|Any CPU.Build.0 = Debug|Any CPU
		{3ECDD836-F614-481E-8235-3E445178855F}.Release|Any CPU.ActiveCfg = Release|Any CPU
		{3ECDD836-F614-481E-8235-3E445178855F}.Release|Any CPU.Build.0 = Release|Any CPU
		{E44D3F09-3662-44E7-A6B1-F6860BCBB4DA}.Debug|Any CPU.ActiveCfg = Debug|Any CPU
		{E44D3F09-3662-44E7-A6B1-F6860BCBB4DA}.Debug|Any CPU.Build.0 = Debug|Any CPU
		{E44D3F09-3662-44E7-A6B1-F6860BCBB4DA}.Release|Any CPU.ActiveCfg = Release|Any CPU
		{E44D3F09-3662-44E7-A6B1-F6860BCBB4DA}.Release|Any CPU.Build.0 = Release|Any CPU
		{9B826BB3-AF80-46D3-90A2-AB8B8046F2F6}.Debug|Any CPU.ActiveCfg = Debug|Any CPU
		{9B826BB3-AF80-46D3-90A2-AB8B8046F2F6}.Debug|Any CPU.Build.0 = Debug|Any CPU
		{9B826BB3-AF80-46D3-90A2-AB8B8046F2F6}.Release|Any CPU.ActiveCfg = Release|Any CPU
		{9B826BB3-AF80-46D3-90A2-AB8B8046F2F6}.Release|Any CPU.Build.0 = Release|Any CPU
		{E8242B42-D539-4527-96B2-B73D7F00F647}.Debug|Any CPU.ActiveCfg = Debug|Any CPU
		{E8242B42-D539-4527-96B2-B73D7F00F647}.Debug|Any CPU.Build.0 = Debug|Any CPU
		{E8242B42-D539-4527-96B2-B73D7F00F647}.Release|Any CPU.ActiveCfg = Release|Any CPU
		{E8242B42-D539-4527-96B2-B73D7F00F647}.Release|Any CPU.Build.0 = Release|Any CPU
		{A320E80A-67C0-4194-A016-6380C5EC3DDF}.Debug|Any CPU.ActiveCfg = Debug|Any CPU
		{A320E80A-67C0-4194-A016-6380C5EC3DDF}.Debug|Any CPU.Build.0 = Debug|Any CPU
		{A320E80A-67C0-4194-A016-6380C5EC3DDF}.Release|Any CPU.ActiveCfg = Release|Any CPU
		{A320E80A-67C0-4194-A016-6380C5EC3DDF}.Release|Any CPU.Build.0 = Release|Any CPU
	EndGlobalSection
	GlobalSection(SolutionProperties) = preSolution
		HideSolutionNode = FALSE
	EndGlobalSection
	GlobalSection(ExtensibilityGlobals) = postSolution
		SolutionGuid = {7B662918-8348-44E1-93FC-2A96DA52D040}
	EndGlobalSection
EndGlobal
